
Microsoft Visual Studio Solution File, Format Version 12.00
Project("{FAE04EC0-301F-11D3-BF4B-00C04F79EFBC}") = "TopDownFinalPR", "TopDownFinalPR\TopDownFinalPR.csproj", "{E4EDCB70-AA8E-4021-B510-DB1354252F42}"
EndProject
Global
	GlobalSection(SolutionConfigurationPlatforms) = preSolution
		Debug|Any CPU = Debug|Any CPU
		Release|Any CPU = Release|Any CPU
	EndGlobalSection
	GlobalSection(ProjectConfigurationPlatforms) = postSolution
		{E4EDCB70-AA8E-4021-B510-DB1354252F42}.Debug|Any CPU.ActiveCfg = Debug|Any CPU
		{E4EDCB70-AA8E-4021-B510-DB1354252F42}.Debug|Any CPU.Build.0 = Debug|Any CPU
		{E4EDCB70-AA8E-4021-B510-DB1354252F42}.Release|Any CPU.ActiveCfg = Release|Any CPU
		{E4EDCB70-AA8E-4021-B510-DB1354252F42}.Release|Any CPU.Build.0 = Release|Any CPU
	EndGlobalSection
EndGlobal
